{
  "name": "mundiagua-django",
  "version": "1.0.0",
  "lockfileVersion": 1,
  "requires": true,
  "dependencies": {
    "animate.css": {
      "version": "3.7.2",
      "resolved": "https://registry.npmjs.org/animate.css/-/animate.css-3.7.2.tgz",
      "integrity": "sha512-0bE8zYo7C0KvgOYrSVfrzkbYk6IOTVPNqkiHg2cbyF4Pq/PXzilz4BRWA3hwEUBoMp5VBgrC29lQIZyhRWdBTw=="
    },
    "bootstrap": {
      "version": "3.4.1",
      "resolved": "https://registry.npmjs.org/bootstrap/-/bootstrap-3.4.1.tgz",
      "integrity": "sha512-yN5oZVmRCwe5aKwzRj6736nSmKDX7pLYwsXiCj/EYmo16hODaBiT4En5btW/jhBF/seV+XMx3aYwukYC3A49DA=="
    },
    "bootstrap-notify": {
      "version": "3.1.3",
      "resolved": "https://registry.npmjs.org/bootstrap-notify/-/bootstrap-notify-3.1.3.tgz",
      "integrity": "sha1-fpizppbPRSp7VnJ/CzMWqQA3wQs="
    },
    "bootstrap3-typeahead": {
      "version": "git://github.com/bassjobsen/Bootstrap-3-Typeahead.git#fc2d5dce4a5406d9b924224e395d5647918707c7",
      "from": "git://github.com/bassjobsen/Bootstrap-3-Typeahead.git#master",
      "requires": {
        "uglify-js": "^3.3.7"
      }
    },
    "datatables.net": {
      "version": "1.11.4",
      "resolved": "https://registry.npmjs.org/datatables.net/-/datatables.net-1.11.4.tgz",
      "integrity": "sha512-z9LG4O0VYOYzp+rnArLExvnUWV8ikyWBcHYZEKDfVuz7BKxQdEq4a/tpO0Trbm+FL1+RY7UEIh+UcYNY/hwGxA==",
      "requires": {
        "jquery": ">=1.7"
      }
    },
    "datatables.net-bs": {
      "version": "1.11.4",
      "resolved": "https://registry.npmjs.org/datatables.net-bs/-/datatables.net-bs-1.11.4.tgz",
      "integrity": "sha512-lQaytqSOcSv51jFoT7RyDbaoziCStSDl5Ym1yOBP+ZXIOsS9fd4zOFZyDQlmGFyUpa8JAy84C4r8jM1GQ3/olA==",
      "requires": {
        "datatables.net": ">=1.11.3",
        "jquery": ">=1.7"
      }
    },
    "font-awesome": {
      "version": "4.7.0",
      "resolved": "https://registry.npmjs.org/font-awesome/-/font-awesome-4.7.0.tgz",
      "integrity": "sha1-j6jPBBGhoxr9B7BtKQK7n8gVoTM="
    },
    "jquery": {
      "version": "3.6.0",
      "resolved": "https://registry.npmjs.org/jquery/-/jquery-3.6.0.tgz",
      "integrity": "sha512-JVzAR/AjBvVt2BmYhxRCSYysDsPcssdmTFnzyLEts9qNwmjmu4JTAMYubEfwVOSwpQ1I1sKKFcxhZCI2buerfw=="
    },
    "material-avatar": {
      "version": "0.3.5",
      "resolved": "https://registry.npmjs.org/material-avatar/-/material-avatar-0.3.5.tgz",
      "integrity": "sha512-JuC0osXvBUmcRgMr5bOJhLQ5EaegEwy/ds5UwGpVbZaHkhAOM8yoxR1XhTtBwCKilKS7e4OIfidG7BEg8kYXsw=="
    },
    "metismenu": {
      "version": "2.5.2",
      "resolved": "https://registry.npmjs.org/metismenu/-/metismenu-2.5.2.tgz",
      "integrity": "sha1-tzTrK1/+B6YXYEnJORmjgv6R+Hc="
    },
    "startbootstrap-sb-admin-2": {
      "version": "3.3.7",
      "resolved": "https://registry.npmjs.org/startbootstrap-sb-admin-2/-/startbootstrap-sb-admin-2-3.3.7.tgz",
      "integrity": "sha1-C49fGpD4B6QsBBx0ftl7T9561oE="
    },
    "uglify-js": {
      "version": "3.15.1",
      "resolved": "https://registry.npmjs.org/uglify-js/-/uglify-js-3.15.1.tgz",
      "integrity": "sha512-FAGKF12fWdkpvNJZENacOH0e/83eG6JyVQyanIJaBXCN1J11TUQv1T1/z8S+Z0CG0ZPk1nPcreF/c7lrTd0TEQ=="
    }
  }
}
